{
  "name": "markdown-blog",
  "version": "1.0.0",
  "lockfileVersion": 2,
  "requires": true,
  "packages": {
    "": {
      "name": "markdown-blog",
      "version": "1.0.0",
      "license": "ISC",
      "dependencies": {
        "@hono/node-server": "^1.1.1",
        "eta": "^3.1.1",
        "hono": "^3.5.7",
        "marked": "^7.0.5"
      }
    },
    "node_modules/@hono/node-server": {
      "version": "1.1.1",
      "resolved": "https://registry.npmjs.org/@hono/node-server/-/node-server-1.1.1.tgz",
      "integrity": "sha512-0ZfrcW8Y+TAGNzKGoDB1iQ7Gv7uGsGDOYlz7nckXcHRpK60Oxuz1ttiFmdHYmI6kGO+/VJ8Iy58LDhoTPqkiow==",
      "engines": {
        "node": ">=18.0.0"
      }
    },
    "node_modules/eta": {
      "version": "3.1.1",
      "resolved": "https://registry.npmjs.org/eta/-/eta-3.1.1.tgz",
      "integrity": "sha512-GVKq8BhYjvGiwKAnvPOnTwAHach3uHglvW0nG9gjEmo8ZIe8HR1aCLdQ97jlxXPcCWhB6E3rDWOk2fahFKG5Cw==",
      "engines": {
        "node": ">=6.0.0"
      },
      "funding": {
        "url": "https://github.com/eta-dev/eta?sponsor=1"
      }
    },
    "node_modules/hono": {
      "version": "3.5.7",
      "resolved": "https://registry.npmjs.org/hono/-/hono-3.5.7.tgz",
      "integrity": "sha512-FKbkgLYpO9tQKkX5dzsmsUKDlat03LSjOjHfP7emsonKpj4bbr4ewWp7wiF8PnH4QUIM8r7XL+Zhrofe//zO6Q==",
      "engines": {
        "node": ">=16.0.0"
      }
    },
    "node_modules/marked": {
      "version": "7.0.5",
      "resolved": "https://registry.npmjs.org/marked/-/marked-7.0.5.tgz",
      "integrity": "sha512-lwNAFTfXgqpt/XvK17a/8wY9/q6fcSPZT1aP6QW0u74VwaJF/Z9KbRcX23sWE4tODM+AolJNcUtErTkgOeFP/Q==",
      "bin": {
        "marked": "bin/marked.js"
      },
      "engines": {
        "node": ">= 16"
      }
    }
  },
  "dependencies": {
    "@hono/node-server": {
      "version": "1.1.1",
      "resolved": "https://registry.npmjs.org/@hono/node-server/-/node-server-1.1.1.tgz",
      "integrity": "sha512-0ZfrcW8Y+TAGNzKGoDB1iQ7Gv7uGsGDOYlz7nckXcHRpK60Oxuz1ttiFmdHYmI6kGO+/VJ8Iy58LDhoTPqkiow=="
    },
    "eta": {
      "version": "3.1.1",
      "resolved": "https://registry.npmjs.org/eta/-/eta-3.1.1.tgz",
      "integrity": "sha512-GVKq8BhYjvGiwKAnvPOnTwAHach3uHglvW0nG9gjEmo8ZIe8HR1aCLdQ97jlxXPcCWhB6E3rDWOk2fahFKG5Cw=="
    },
    "hono": {
      "version": "3.5.7",
      "resolved": "https://registry.npmjs.org/hono/-/hono-3.5.7.tgz",
      "integrity": "sha512-FKbkgLYpO9tQKkX5dzsmsUKDlat03LSjOjHfP7emsonKpj4bbr4ewWp7wiF8PnH4QUIM8r7XL+Zhrofe//zO6Q=="
    },
    "marked": {
      "version": "7.0.5",
      "resolved": "https://registry.npmjs.org/marked/-/marked-7.0.5.tgz",
      "integrity": "sha512-lwNAFTfXgqpt/XvK17a/8wY9/q6fcSPZT1aP6QW0u74VwaJF/Z9KbRcX23sWE4tODM+AolJNcUtErTkgOeFP/Q=="
    }
  }
}
